
Microsoft Visual Studio Solution File, Format Version 12.00
# Visual Studio Version 16
VisualStudioVersion = 16.0.29920.165
MinimumVisualStudioVersion = 10.0.40219.1
Project("{FAE04EC0-301F-11D3-BF4B-00C04F79EFBC}") = "PRojectBstart", "PRojectBstart\PRojectBstart.csproj", "{360B63A5-5AFD-45D6-932E-D2592B3D1849}"
EndProject
Global
	GlobalSection(SolutionConfigurationPlatforms) = preSolution
		Debug|Any CPU = Debug|Any CPU
		Release|Any CPU = Release|Any CPU
	EndGlobalSection
	GlobalSection(ProjectConfigurationPlatforms) = postSolution
		{360B63A5-5AFD-45D6-932E-D2592B3D1849}.Debug|Any CPU.ActiveCfg = Debug|Any CPU
		{360B63A5-5AFD-45D6-932E-D2592B3D1849}.Debug|Any CPU.Build.0 = Debug|Any CPU
		{360B63A5-5AFD-45D6-932E-D2592B3D1849}.Release|Any CPU.ActiveCfg = Release|Any CPU
		{360B63A5-5AFD-45D6-932E-D2592B3D1849}.Release|Any CPU.Build.0 = Release|Any CPU
	EndGlobalSection
	GlobalSection(SolutionProperties) = preSolution
		HideSolutionNode = FALSE
	EndGlobalSection
	GlobalSection(ExtensibilityGlobals) = postSolution
		SolutionGuid = {117B76F8-3209-4EA4-8EE1-056F7DF1CDB7}
	EndGlobalSection
EndGlobal
